
Microsoft Visual Studio Solution File, Format Version 12.00
# Visual Studio Version 16
VisualStudioVersion = 16.0.31205.134
MinimumVisualStudioVersion = 10.0.40219.1
Project("{FAE04EC0-301F-11D3-BF4B-00C04F79EFBC}") = "TargetZero.WebApplication", "TargetZero.WebApplication\TargetZero.WebApplication.csproj", "{B738AB32-8C08-4E84-9BA5-4A17AA52D853}"
EndProject
Project("{FAE04EC0-301F-11D3-BF4B-00C04F79EFBC}") = "TargetZero.Infrastructure.Postgres", "TargetZero.Infrastructure.Postgres\TargetZero.Infrastructure.Postgres.csproj", "{D1AAFC77-15AB-4F6F-B9A9-975EC9D001E9}"
EndProject
Project("{FAE04EC0-301F-11D3-BF4B-00C04F79EFBC}") = "TargetZero.Domain", "TargetZero.Domain\TargetZero.Domain.csproj", "{F6079F29-218C-4EC6-96DE-F327F44B0B81}"
EndProject
Global
	GlobalSection(SolutionConfigurationPlatforms) = preSolution
		Debug|Any CPU = Debug|Any CPU
		Release|Any CPU = Release|Any CPU
	EndGlobalSection
	GlobalSection(ProjectConfigurationPlatforms) = postSolution
		{B738AB32-8C08-4E84-9BA5-4A17AA52D853}.Debug|Any CPU.ActiveCfg = Debug|Any CPU
		{B738AB32-8C08-4E84-9BA5-4A17AA52D853}.Debug|Any CPU.Build.0 = Debug|Any CPU
		{B738AB32-8C08-4E84-9BA5-4A17AA52D853}.Release|Any CPU.ActiveCfg = Release|Any CPU
		{B738AB32-8C08-4E84-9BA5-4A17AA52D853}.Release|Any CPU.Build.0 = Release|Any CPU
		{D1AAFC77-15AB-4F6F-B9A9-975EC9D001E9}.Debug|Any CPU.ActiveCfg = Debug|Any CPU
		{D1AAFC77-15AB-4F6F-B9A9-975EC9D001E9}.Debug|Any CPU.Build.0 = Debug|Any CPU
		{D1AAFC77-15AB-4F6F-B9A9-975EC9D001E9}.Release|Any CPU.ActiveCfg = Release|Any CPU
		{D1AAFC77-15AB-4F6F-B9A9-975EC9D001E9}.Release|Any CPU.Build.0 = Release|Any CPU
		{F6079F29-218C-4EC6-96DE-F327F44B0B81}.Debug|Any CPU.ActiveCfg = Debug|Any CPU
		{F6079F29-218C-4EC6-96DE-F327F44B0B81}.Debug|Any CPU.Build.0 = Debug|Any CPU
		{F6079F29-218C-4EC6-96DE-F327F44B0B81}.Release|Any CPU.ActiveCfg = Release|Any CPU
		{F6079F29-218C-4EC6-96DE-F327F44B0B81}.Release|Any CPU.Build.0 = Release|Any CPU
	EndGlobalSection
	GlobalSection(SolutionProperties) = preSolution
		HideSolutionNode = FALSE
	EndGlobalSection
	GlobalSection(ExtensibilityGlobals) = postSolution
		SolutionGuid = {7F405C8C-68F7-42A8-9FBD-5AFDBF9E63BD}
	EndGlobalSection
EndGlobal
